
Microsoft Visual Studio Solution File, Format Version 12.00
# Visual Studio Version 16
VisualStudioVersion = 16.0.29306.81
MinimumVisualStudioVersion = 10.0.40219.1
Project("{9A19103F-16F7-4668-BE54-9A1E7A4F7556}") = "AccServerAdmin.Domain", "AccServerAdmin.Domain\AccServerAdmin.Domain.csproj", "{93112577-8398-4FA1-9BEE-B97D31A8E606}"
EndProject
Project("{9A19103F-16F7-4668-BE54-9A1E7A4F7556}") = "AccServerAdmin.Application", "AccServerAdmin.Application\AccServerAdmin.Application.csproj", "{3A6DE7EB-8B20-4DA6-9761-9E82949256F7}"
EndProject
Project("{9A19103F-16F7-4668-BE54-9A1E7A4F7556}") = "AccServerAdmin.Tests", "AccServerAdmin.Tests\AccServerAdmin.Tests.csproj", "{5CE69ACE-6BCC-4F6C-80BF-67499EB0C7D7}"
EndProject
Project("{9A19103F-16F7-4668-BE54-9A1E7A4F7556}") = "AccServerAdmin.Persistence", "AccServerAdmin.Persistence\AccServerAdmin.Persistence.csproj", "{5FB3324E-0446-4D6F-9B07-1FE7925D580D}"
EndProject
Project("{9A19103F-16F7-4668-BE54-9A1E7A4F7556}") = "AccServerAdmin.Infrastructure", "AccServerAdmin.Infrastructure\AccServerAdmin.Infrastructure.csproj", "{63DC755E-0D2A-486E-A249-55ABB144B72F}"
EndProject
Project("{9A19103F-16F7-4668-BE54-9A1E7A4F7556}") = "AccServerAdmin.Resouce", "AccServerAdmin.Resouce\AccServerAdmin.Resouce.csproj", "{B63B00E5-FA41-4E1C-8E9E-E54B53CE0875}"
EndProject
Project("{2150E333-8FDC-42A3-9474-1A3956D46DE8}") = "Solution Items", "Solution Items", "{F55A9D3B-092B-43E4-9723-F4B8E252ABF8}"
	ProjectSection(SolutionItems) = preProject
		bitbucket-pipelines.yml = bitbucket-pipelines.yml
		README.md = README.md
	EndProjectSection
EndProject
Project("{9A19103F-16F7-4668-BE54-9A1E7A4F7556}") = "IdentityTest", "IdentityTest\IdentityTest.csproj", "{73121E12-0EAB-4B19-BDB6-482C46DA3CCC}"
EndProject
Project("{9A19103F-16F7-4668-BE54-9A1E7A4F7556}") = "RazorTest", "RazorTest\RazorTest.csproj", "{DD70D29F-3312-42D4-8004-7E7FA838D6A8}"
EndProject
Project("{FAE04EC0-301F-11D3-BF4B-00C04F79EFBC}") = "AccServerAdmin.Service", "AccServerAdmin.Service\AccServerAdmin.Service.csproj", "{B760C93B-A29F-4EBA-985F-94415B41788C}"
EndProject
Project("{9A19103F-16F7-4668-BE54-9A1E7A4F7556}") = "AccServerAdmin.ServiceOld", "AccServerAdmin.ServiceOld\AccServerAdmin.ServiceOld.csproj", "{3D01BB1F-944D-4898-BD49-AD00A20B7B99}"
EndProject
Global
	GlobalSection(SolutionConfigurationPlatforms) = preSolution
		Debug|Any CPU = Debug|Any CPU
		Release|Any CPU = Release|Any CPU
	EndGlobalSection
	GlobalSection(ProjectConfigurationPlatforms) = postSolution
		{93112577-8398-4FA1-9BEE-B97D31A8E606}.Debug|Any CPU.ActiveCfg = Debug|Any CPU
		{93112577-8398-4FA1-9BEE-B97D31A8E606}.Debug|Any CPU.Build.0 = Debug|Any CPU
		{93112577-8398-4FA1-9BEE-B97D31A8E606}.Release|Any CPU.ActiveCfg = Release|Any CPU
		{93112577-8398-4FA1-9BEE-B97D31A8E606}.Release|Any CPU.Build.0 = Release|Any CPU
		{3A6DE7EB-8B20-4DA6-9761-9E82949256F7}.Debug|Any CPU.ActiveCfg = Debug|Any CPU
		{3A6DE7EB-8B20-4DA6-9761-9E82949256F7}.Debug|Any CPU.Build.0 = Debug|Any CPU
		{3A6DE7EB-8B20-4DA6-9761-9E82949256F7}.Release|Any CPU.ActiveCfg = Release|Any CPU
		{3A6DE7EB-8B20-4DA6-9761-9E82949256F7}.Release|Any CPU.Build.0 = Release|Any CPU
		{5CE69ACE-6BCC-4F6C-80BF-67499EB0C7D7}.Debug|Any CPU.ActiveCfg = Debug|Any CPU
		{5CE69ACE-6BCC-4F6C-80BF-67499EB0C7D7}.Debug|Any CPU.Build.0 = Debug|Any CPU
		{5CE69ACE-6BCC-4F6C-80BF-67499EB0C7D7}.Release|Any CPU.ActiveCfg = Release|Any CPU
		{5CE69ACE-6BCC-4F6C-80BF-67499EB0C7D7}.Release|Any CPU.Build.0 = Release|Any CPU
		{5FB3324E-0446-4D6F-9B07-1FE7925D580D}.Debug|Any CPU.ActiveCfg = Debug|Any CPU
		{5FB3324E-0446-4D6F-9B07-1FE7925D580D}.Debug|Any CPU.Build.0 = Debug|Any CPU
		{5FB3324E-0446-4D6F-9B07-1FE7925D580D}.Release|Any CPU.ActiveCfg = Release|Any CPU
		{5FB3324E-0446-4D6F-9B07-1FE7925D580D}.Release|Any CPU.Build.0 = Release|Any CPU
		{63DC755E-0D2A-486E-A249-55ABB144B72F}.Debug|Any CPU.ActiveCfg = Debug|Any CPU
		{63DC755E-0D2A-486E-A249-55ABB144B72F}.Debug|Any CPU.Build.0 = Debug|Any CPU
		{63DC755E-0D2A-486E-A249-55ABB144B72F}.Release|Any CPU.ActiveCfg = Release|Any CPU
		{63DC755E-0D2A-486E-A249-55ABB144B72F}.Release|Any CPU.Build.0 = Release|Any CPU
		{B63B00E5-FA41-4E1C-8E9E-E54B53CE0875}.Debug|Any CPU.ActiveCfg = Debug|Any CPU
		{B63B00E5-FA41-4E1C-8E9E-E54B53CE0875}.Debug|Any CPU.Build.0 = Debug|Any CPU
		{B63B00E5-FA41-4E1C-8E9E-E54B53CE0875}.Release|Any CPU.ActiveCfg = Release|Any CPU
		{B63B00E5-FA41-4E1C-8E9E-E54B53CE0875}.Release|Any CPU.Build.0 = Release|Any CPU
		{73121E12-0EAB-4B19-BDB6-482C46DA3CCC}.Debug|Any CPU.ActiveCfg = Debug|Any CPU
		{73121E12-0EAB-4B19-BDB6-482C46DA3CCC}.Debug|Any CPU.Build.0 = Debug|Any CPU
		{73121E12-0EAB-4B19-BDB6-482C46DA3CCC}.Release|Any CPU.ActiveCfg = Release|Any CPU
		{73121E12-0EAB-4B19-BDB6-482C46DA3CCC}.Release|Any CPU.Build.0 = Release|Any CPU
		{DD70D29F-3312-42D4-8004-7E7FA838D6A8}.Debug|Any CPU.ActiveCfg = Debug|Any CPU
		{DD70D29F-3312-42D4-8004-7E7FA838D6A8}.Debug|Any CPU.Build.0 = Debug|Any CPU
		{DD70D29F-3312-42D4-8004-7E7FA838D6A8}.Release|Any CPU.ActiveCfg = Release|Any CPU
		{DD70D29F-3312-42D4-8004-7E7FA838D6A8}.Release|Any CPU.Build.0 = Release|Any CPU
		{B760C93B-A29F-4EBA-985F-94415B41788C}.Debug|Any CPU.ActiveCfg = Debug|Any CPU
		{B760C93B-A29F-4EBA-985F-94415B41788C}.Debug|Any CPU.Build.0 = Debug|Any CPU
		{B760C93B-A29F-4EBA-985F-94415B41788C}.Release|Any CPU.ActiveCfg = Release|Any CPU
		{B760C93B-A29F-4EBA-985F-94415B41788C}.Release|Any CPU.Build.0 = Release|Any CPU
		{3D01BB1F-944D-4898-BD49-AD00A20B7B99}.Debug|Any CPU.ActiveCfg = Debug|Any CPU
		{3D01BB1F-944D-4898-BD49-AD00A20B7B99}.Debug|Any CPU.Build.0 = Debug|Any CPU
		{3D01BB1F-944D-4898-BD49-AD00A20B7B99}.Release|Any CPU.ActiveCfg = Release|Any CPU
		{3D01BB1F-944D-4898-BD49-AD00A20B7B99}.Release|Any CPU.Build.0 = Release|Any CPU
	EndGlobalSection
	GlobalSection(SolutionProperties) = preSolution
		HideSolutionNode = FALSE
	EndGlobalSection
	GlobalSection(ExtensibilityGlobals) = postSolution
		SolutionGuid = {1F798C92-D70A-4C12-94D7-01C606EF87B6}
	EndGlobalSection
EndGlobal
